
Microsoft Visual Studio Solution File, Format Version 12.00
# Visual Studio Version 16
VisualStudioVersion = 16.0.29609.76
MinimumVisualStudioVersion = 10.0.40219.1
Project("{9A19103F-16F7-4668-BE54-9A1E7A4F7556}") = "UploadClient", "UploadClient\UploadClient.csproj", "{DE3665A8-04FD-4A4C-8BD7-B0CFA0246F51}"
EndProject
Project("{FAE04EC0-301F-11D3-BF4B-00C04F79EFBC}") = "UploadClientTests", "UploadClientTests\UploadClientTests.csproj", "{9F775F49-FB35-4DA0-B8EA-3C9887F7EB77}"
EndProject
Global
	GlobalSection(SolutionConfigurationPlatforms) = preSolution
		Debug|Any CPU = Debug|Any CPU
		Release|Any CPU = Release|Any CPU
	EndGlobalSection
	GlobalSection(ProjectConfigurationPlatforms) = postSolution
		{DE3665A8-04FD-4A4C-8BD7-B0CFA0246F51}.Debug|Any CPU.ActiveCfg = Debug|Any CPU
		{DE3665A8-04FD-4A4C-8BD7-B0CFA0246F51}.Debug|Any CPU.Build.0 = Debug|Any CPU
		{DE3665A8-04FD-4A4C-8BD7-B0CFA0246F51}.Release|Any CPU.ActiveCfg = Release|Any CPU
		{DE3665A8-04FD-4A4C-8BD7-B0CFA0246F51}.Release|Any CPU.Build.0 = Release|Any CPU
		{9F775F49-FB35-4DA0-B8EA-3C9887F7EB77}.Debug|Any CPU.ActiveCfg = Debug|Any CPU
		{9F775F49-FB35-4DA0-B8EA-3C9887F7EB77}.Debug|Any CPU.Build.0 = Debug|Any CPU
		{9F775F49-FB35-4DA0-B8EA-3C9887F7EB77}.Release|Any CPU.ActiveCfg = Release|Any CPU
		{9F775F49-FB35-4DA0-B8EA-3C9887F7EB77}.Release|Any CPU.Build.0 = Release|Any CPU
	EndGlobalSection
	GlobalSection(SolutionProperties) = preSolution
		HideSolutionNode = FALSE
	EndGlobalSection
	GlobalSection(ExtensibilityGlobals) = postSolution
		SolutionGuid = {99E71BDC-531E-4263-95B9-38092A96EC2A}
	EndGlobalSection
EndGlobal
